
Microsoft Visual Studio Solution File, Format Version 12.00
# Visual Studio Version 16
VisualStudioVersion = 16.0.30002.166
MinimumVisualStudioVersion = 10.0.40219.1
Project("{FAE04EC0-301F-11D3-BF4B-00C04F79EFBC}") = "winformslab6", "winformslab6\winformslab6.csproj", "{AB36908E-C80E-47C3-814C-B47BE33C0A47}"
EndProject
Global
	GlobalSection(SolutionConfigurationPlatforms) = preSolution
		Debug|Any CPU = Debug|Any CPU
		Release|Any CPU = Release|Any CPU
	EndGlobalSection
	GlobalSection(ProjectConfigurationPlatforms) = postSolution
		{AB36908E-C80E-47C3-814C-B47BE33C0A47}.Debug|Any CPU.ActiveCfg = Debug|Any CPU
		{AB36908E-C80E-47C3-814C-B47BE33C0A47}.Debug|Any CPU.Build.0 = Debug|Any CPU
		{AB36908E-C80E-47C3-814C-B47BE33C0A47}.Release|Any CPU.ActiveCfg = Release|Any CPU
		{AB36908E-C80E-47C3-814C-B47BE33C0A47}.Release|Any CPU.Build.0 = Release|Any CPU
	EndGlobalSection
	GlobalSection(SolutionProperties) = preSolution
		HideSolutionNode = FALSE
	EndGlobalSection
	GlobalSection(ExtensibilityGlobals) = postSolution
		SolutionGuid = {87D4542E-3338-486E-B2F4-913E04907B31}
	EndGlobalSection
EndGlobal
